{
    "name": "Blog",
    "lockfileVersion": 2,
    "requires": true,
    "packages": {
        "": {
            "dependencies": {
                "git-cz": "^4.7.6"
            }
        },
        "node_modules/git-cz": {
            "version": "4.7.6",
            "resolved": "http://mirrors.tencent.com/npm/git-cz/-/git-cz-4.7.6.tgz",
            "integrity": "sha512-WtQEXqetJSi9LKPI77bMdSQWvLGjE93egVbR0zjXd1KFKrFvo/YE/UuGNcMeBDiwzxfQBhjyV7Hn0YUZ8Q0BcQ==",
            "license": "Unlicense",
            "bin": {
                "git-cz": "bin/git-cz.js",
                "gitcz": "bin/git-cz.js"
            }
        }
    },
    "dependencies": {
        "git-cz": {
            "version": "4.7.6",
            "resolved": "http://mirrors.tencent.com/npm/git-cz/-/git-cz-4.7.6.tgz",
            "integrity": "sha512-WtQEXqetJSi9LKPI77bMdSQWvLGjE93egVbR0zjXd1KFKrFvo/YE/UuGNcMeBDiwzxfQBhjyV7Hn0YUZ8Q0BcQ=="
        }
    }
}
